<?xml version="1.0" encoding="utf-8"?>
<Project ToolsVersion="4.0" xmlns="http://schemas.microsoft.com/developer/msbuild/2003">
  <ItemGroup>
    <Filter Include="Quelldateien">
      <UniqueIdentifier>{4FC737F1-C7A5-4376-A066-2A32D752A2FF}</UniqueIdentifier>
      <Extensions>cpp;c;cc;cxx;def;odl;idl;hpj;bat;asm;asmx</Extensions>
    </Filter>
    <Filter Include="Headerdateien">
      <UniqueIdentifier>{93995380-89BD-4b04-88EB-625FBE52EBFB}</UniqueIdentifier>
      <Extensions>h;hpp;hxx;hm;inl;inc;xsd</Extensions>
    </Filter>
    <Filter Include="Ressourcendateien">
      <UniqueIdentifier>{67DA6AB6-F800-4c08-8B7A-83BB121AAD01}</UniqueIdentifier>
      <Extensions>rc;ico;cur;bmp;dlg;rc2;rct;bin;rgs;gif;jpg;jpeg;jpe;resx;tiff;tif;png;wav;mfcribbon-ms</Extensions>
    </Filter>
  </ItemGroup>
  <ItemGroup>
    <ClInclude Include="coordinate_fixture.hpp">
      <Filter>Headerdateien</Filter>
    </ClInclude>
    <ClInclude Include="distance_fixture.hpp">
      <Filter>Headerdateien</Filter>
    </ClInclude>
    <ClInclude Include="point_fixture.hpp">
      <Filter>Headerdateien</Filter>
    </ClInclude>
    <ClInclude Include="rect_fixture.hpp">
      <Filter>Headerdateien</Filter>
    </ClInclude>
    <ClInclude Include="size_fixture.hpp">
      <Filter>Headerdateien</Filter>
    </ClInclude>
    <ClInclude Include="zrect_fixture.hpp">
      <Filter>Headerdateien</Filter>
    </ClInclude>
    <ClInclude Include="objectsize_fixture.hpp">
      <Filter>Headerdateien</Filter>
    </ClInclude>
    <ClInclude Include="resolution_fixture.hpp">
      <Filter>Headerdateien</Filter>
    </ClInclude>
    <ClInclude Include="objectsize_fixture_helper.hpp">
      <Filter>Headerdateien</Filter>
    </ClInclude>
    <ClInclude Include="layoutmanager_fixture.hpp">
      <Filter>Headerdateien</Filter>
    </ClInclude>
    <ClInclude Include="positionobject_fixture.hpp">
      <Filter>Headerdateien</Filter>
    </ClInclude>
  </ItemGroup>
  <ItemGroup>
    <ClCompile Include="coordinate_fixture.cpp">
      <Filter>Quelldateien</Filter>
    </ClCompile>
    <ClCompile Include="distance_fixture.cpp">
      <Filter>Quelldateien</Filter>
    </ClCompile>
    <ClCompile Include="point_fixture.cpp">
      <Filter>Quelldateien</Filter>
    </ClCompile>
    <ClCompile Include="rect_fixture.cpp">
      <Filter>Quelldateien</Filter>
    </ClCompile>
    <ClCompile Include="size_fixture.cpp">
      <Filter>Quelldateien</Filter>
    </ClCompile>
    <ClCompile Include="zrect_fixture.cpp">
      <Filter>Quelldateien</Filter>
    </ClCompile>
    <ClCompile Include="objectsize_fixture.cpp">
      <Filter>Quelldateien</Filter>
    </ClCompile>
    <ClCompile Include="resolution_fixture.cpp">
      <Filter>Quelldateien</Filter>
    </ClCompile>
    <ClCompile Include="layoutmanager_fixture.cpp">
      <Filter>Quelldateien</Filter>
    </ClCompile>
    <ClCompile Include="positionobject_fixture.cpp">
      <Filter>Quelldateien</Filter>
    </ClCompile>
  </ItemGroup>
</Project>