<?xml version="1.0" encoding="utf-8"?>
<Project ToolsVersion="4.0" xmlns="http://schemas.microsoft.com/developer/msbuild/2003">
  <ItemGroup>
    <Filter Include="Source Files">
      <UniqueIdentifier>{4FC737F1-C7A5-4376-A066-2A32D752A2FF}</UniqueIdentifier>
      <Extensions>cpp;c;cc;cxx;def;odl;idl;hpj;bat;asm;asmx</Extensions>
    </Filter>
    <Filter Include="Header Files">
      <UniqueIdentifier>{93995380-89BD-4b04-88EB-625FBE52EBFB}</UniqueIdentifier>
      <Extensions>h;hpp;hxx;hm;inl;inc;xsd</Extensions>
    </Filter>
    <Filter Include="Resource Files">
      <UniqueIdentifier>{67DA6AB6-F800-4c08-8B7A-83BB121AAD01}</UniqueIdentifier>
      <Extensions>rc;ico;cur;bmp;dlg;rc2;rct;bin;rgs;gif;jpg;jpeg;jpe;resx;tiff;tif;png;wav</Extensions>
    </Filter>
    <Filter Include="Header Files\enums">
      <UniqueIdentifier>{c3df3bbd-7b76-408b-9b4f-62cd2723de31}</UniqueIdentifier>
    </Filter>
  </ItemGroup>
  <ItemGroup>
    <ClCompile Include="dc.cpp">
      <Filter>Source Files</Filter>
    </ClCompile>
    <ClCompile Include="Draw16bit.cpp">
      <Filter>Source Files</Filter>
    </ClCompile>
    <ClCompile Include="Draw24bit.cpp">
      <Filter>Source Files</Filter>
    </ClCompile>
    <ClCompile Include="Draw32bit.cpp">
      <Filter>Source Files</Filter>
    </ClCompile>
    <ClCompile Include="Draw8bit.cpp">
      <Filter>Source Files</Filter>
    </ClCompile>
    <ClCompile Include="framerate.cpp">
      <Filter>Source Files</Filter>
    </ClCompile>
    <ClCompile Include="sdl_object.cpp">
      <Filter>Source Files</Filter>
    </ClCompile>
  </ItemGroup>
  <ItemGroup>
    <ClInclude Include="dc.hpp">
      <Filter>Header Files</Filter>
    </ClInclude>
    <ClInclude Include="framerate.hpp">
      <Filter>Header Files</Filter>
    </ClInclude>
    <ClInclude Include="export.hpp">
      <Filter>Header Files</Filter>
    </ClInclude>
    <ClInclude Include="enums\bitdepth.hpp">
      <Filter>Header Files\enums</Filter>
    </ClInclude>
    <ClInclude Include="enums\drawtype.hpp">
      <Filter>Header Files\enums</Filter>
    </ClInclude>
    <ClInclude Include="enums\frameticks.hpp">
      <Filter>Header Files\enums</Filter>
    </ClInclude>
    <ClInclude Include="sdl_object.hpp">
      <Filter>Header Files</Filter>
    </ClInclude>
  </ItemGroup>
</Project>