<?xml version="1.0" encoding="utf-8"?>
<Project ToolsVersion="4.0" xmlns="http://schemas.microsoft.com/developer/msbuild/2003">
  <ItemGroup>
    <Filter Include="Quelldateien">
      <UniqueIdentifier>{4FC737F1-C7A5-4376-A066-2A32D752A2FF}</UniqueIdentifier>
      <Extensions>cpp;c;cc;cxx;def;odl;idl;hpj;bat;asm;asmx</Extensions>
    </Filter>
    <Filter Include="Headerdateien">
      <UniqueIdentifier>{93995380-89BD-4b04-88EB-625FBE52EBFB}</UniqueIdentifier>
      <Extensions>h;hpp;hxx;hm;inl;inc;xsd</Extensions>
    </Filter>
    <Filter Include="Ressourcendateien">
      <UniqueIdentifier>{67DA6AB6-F800-4c08-8B7A-83BB121AAD01}</UniqueIdentifier>
      <Extensions>rc;ico;cur;bmp;dlg;rc2;rct;bin;rgs;gif;jpg;jpeg;jpe;resx;tiff;tif;png;wav;mfcribbon-ms</Extensions>
    </Filter>
    <Filter Include="Headerdateien\enums">
      <UniqueIdentifier>{3d7359a2-a1d7-4ca2-ae21-0935c5c2c866}</UniqueIdentifier>
    </Filter>
    <Filter Include="Headerdateien\storages">
      <UniqueIdentifier>{2c452329-6077-4fdf-91f3-b1589aa55057}</UniqueIdentifier>
    </Filter>
    <Filter Include="Quelldateien\storages">
      <UniqueIdentifier>{0e23b9d1-8f1f-4f90-bc02-6c1ed26bf38c}</UniqueIdentifier>
    </Filter>
  </ItemGroup>
  <ItemGroup>
    <ClInclude Include="point.hpp">
      <Filter>Headerdateien</Filter>
    </ClInclude>
    <ClInclude Include="rect.hpp">
      <Filter>Headerdateien</Filter>
    </ClInclude>
    <ClInclude Include="size.hpp">
      <Filter>Headerdateien</Filter>
    </ClInclude>
    <ClInclude Include="zrect.hpp">
      <Filter>Headerdateien</Filter>
    </ClInclude>
    <ClInclude Include="enums\touchtype.hpp">
      <Filter>Headerdateien\enums</Filter>
    </ClInclude>
    <ClInclude Include="coordinate.hpp">
      <Filter>Headerdateien</Filter>
    </ClInclude>
    <ClInclude Include="distance.hpp">
      <Filter>Headerdateien</Filter>
    </ClInclude>
    <ClInclude Include="size_creator.hpp">
      <Filter>Headerdateien\storages</Filter>
    </ClInclude>
    <ClInclude Include="positionobject.hpp">
      <Filter>Headerdateien</Filter>
    </ClInclude>
    <ClInclude Include="enums\docktype.hpp">
      <Filter>Headerdateien\enums</Filter>
    </ClInclude>
    <ClInclude Include="geometry_directories.hpp">
      <Filter>Headerdateien\storages</Filter>
    </ClInclude>
    <ClInclude Include="objectsize.hpp">
      <Filter>Headerdateien</Filter>
    </ClInclude>
    <ClInclude Include="resolution.hpp">
      <Filter>Headerdateien</Filter>
    </ClInclude>
    <ClInclude Include="objectsize_storage.hpp">
      <Filter>Headerdateien\storages</Filter>
    </ClInclude>
    <ClInclude Include="resolution_storage.hpp">
      <Filter>Headerdateien\storages</Filter>
    </ClInclude>
    <ClInclude Include="layoutmanager.hpp">
      <Filter>Headerdateien</Filter>
    </ClInclude>
    <ClInclude Include="enums\autosize.hpp">
      <Filter>Headerdateien\enums</Filter>
    </ClInclude>
    <ClInclude Include="enums\layouttype.hpp">
      <Filter>Headerdateien\enums</Filter>
    </ClInclude>
  </ItemGroup>
  <ItemGroup>
    <ClCompile Include="point.cpp">
      <Filter>Quelldateien</Filter>
    </ClCompile>
    <ClCompile Include="rect.cpp">
      <Filter>Quelldateien</Filter>
    </ClCompile>
    <ClCompile Include="size.cpp">
      <Filter>Quelldateien</Filter>
    </ClCompile>
    <ClCompile Include="zrect.cpp">
      <Filter>Quelldateien</Filter>
    </ClCompile>
    <ClCompile Include="distance.cpp">
      <Filter>Quelldateien</Filter>
    </ClCompile>
    <ClCompile Include="size_creator.cpp">
      <Filter>Quelldateien\storages</Filter>
    </ClCompile>
    <ClCompile Include="positionobject.cpp">
      <Filter>Quelldateien</Filter>
    </ClCompile>
    <ClCompile Include="geometry_directories.cpp">
      <Filter>Quelldateien\storages</Filter>
    </ClCompile>
    <ClCompile Include="objectsize_storage.cpp">
      <Filter>Quelldateien\storages</Filter>
    </ClCompile>
    <ClCompile Include="resolution_storage.cpp">
      <Filter>Quelldateien\storages</Filter>
    </ClCompile>
    <ClCompile Include="resolution.cpp">
      <Filter>Quelldateien</Filter>
    </ClCompile>
    <ClCompile Include="objectsize.cpp">
      <Filter>Quelldateien</Filter>
    </ClCompile>
    <ClCompile Include="layoutmanager.cpp">
      <Filter>Quelldateien</Filter>
    </ClCompile>
  </ItemGroup>
</Project>