
Microsoft Visual Studio Solution File, Format Version 11.00
# Visual C++ Express 2010
Project("{8BC9CEB8-8B4A-11D0-8D11-00A0C91BC942}") = "core", "src\core\core.vcxproj", "{746061E3-C5A3-469F-A85B-E625AAE0726B}"
	ProjectSection(ProjectDependencies) = postProject
		{F1C84827-064F-44D9-90C9-2929FF3C0802} = {F1C84827-064F-44D9-90C9-2929FF3C0802}
	EndProjectSection
EndProject
Project("{8BC9CEB8-8B4A-11D0-8D11-00A0C91BC942}") = "games", "src\games\games.vcxproj", "{1B66D3EB-540A-4710-948A-DDB250F9EE6D}"
EndProject
Project("{8BC9CEB8-8B4A-11D0-8D11-00A0C91BC942}") = "misc", "src\misc\misc.vcxproj", "{F1C84827-064F-44D9-90C9-2929FF3C0802}"
EndProject
Project("{8BC9CEB8-8B4A-11D0-8D11-00A0C91BC942}") = "coretest", "test\coretest\coretest.vcxproj", "{C95795C9-D294-438C-B271-414471E29A64}"
	ProjectSection(ProjectDependencies) = postProject
		{2A481A1B-5B0A-4B32-A7F5-3664F2C0F77D} = {2A481A1B-5B0A-4B32-A7F5-3664F2C0F77D}
		{F1C84827-064F-44D9-90C9-2929FF3C0802} = {F1C84827-064F-44D9-90C9-2929FF3C0802}
		{29C2D584-6EC0-4BF5-8767-A384BA03708F} = {29C2D584-6EC0-4BF5-8767-A384BA03708F}
		{746061E3-C5A3-469F-A85B-E625AAE0726B} = {746061E3-C5A3-469F-A85B-E625AAE0726B}
		{1B66D3EB-540A-4710-948A-DDB250F9EE6D} = {1B66D3EB-540A-4710-948A-DDB250F9EE6D}
	EndProjectSection
EndProject
Project("{8BC9CEB8-8B4A-11D0-8D11-00A0C91BC942}") = "misctest", "test\misctest\misctest.vcxproj", "{D20C939C-EFDA-498F-808A-AEF1BB1F6C3B}"
	ProjectSection(ProjectDependencies) = postProject
		{2A481A1B-5B0A-4B32-A7F5-3664F2C0F77D} = {2A481A1B-5B0A-4B32-A7F5-3664F2C0F77D}
		{F1C84827-064F-44D9-90C9-2929FF3C0802} = {F1C84827-064F-44D9-90C9-2929FF3C0802}
	EndProjectSection
EndProject
Project("{8BC9CEB8-8B4A-11D0-8D11-00A0C91BC942}") = "corefixture", "fixture\corefixture\corefixture.vcxproj", "{29C2D584-6EC0-4BF5-8767-A384BA03708F}"
	ProjectSection(ProjectDependencies) = postProject
		{746061E3-C5A3-469F-A85B-E625AAE0726B} = {746061E3-C5A3-469F-A85B-E625AAE0726B}
	EndProjectSection
EndProject
Project("{8BC9CEB8-8B4A-11D0-8D11-00A0C91BC942}") = "miscfixture", "fixture\miscfixture\miscfixture.vcxproj", "{2A481A1B-5B0A-4B32-A7F5-3664F2C0F77D}"
	ProjectSection(ProjectDependencies) = postProject
		{F1C84827-064F-44D9-90C9-2929FF3C0802} = {F1C84827-064F-44D9-90C9-2929FF3C0802}
	EndProjectSection
EndProject
Project("{8BC9CEB8-8B4A-11D0-8D11-00A0C91BC942}") = "lang", "src\lang\lang.vcxproj", "{8F60C76B-E753-4868-A76F-B3E6F86051F6}"
EndProject
Project("{8BC9CEB8-8B4A-11D0-8D11-00A0C91BC942}") = "simulatorfixture", "fixture\simulatorfixture\simulatorfixture.vcxproj", "{9A98E786-3E29-4DFD-A52A-E0D97410D56D}"
EndProject
Project("{8BC9CEB8-8B4A-11D0-8D11-00A0C91BC942}") = "audio", "src\audio\audio.vcxproj", "{00EE0AB6-752C-4A7C-97E2-26DAA745DF13}"
EndProject
Project("{8BC9CEB8-8B4A-11D0-8D11-00A0C91BC942}") = "guicore", "src\guicore\guicore.vcxproj", "{0E6FF686-292A-447C-AFE4-0541A429FC62}"
	ProjectSection(ProjectDependencies) = postProject
		{42D7FEAE-C2FD-4C49-8A1B-876CA62981DD} = {42D7FEAE-C2FD-4C49-8A1B-876CA62981DD}
	EndProjectSection
EndProject
Project("{8BC9CEB8-8B4A-11D0-8D11-00A0C91BC942}") = "geometry", "src\geometry\geometry.vcxproj", "{42D7FEAE-C2FD-4C49-8A1B-876CA62981DD}"
	ProjectSection(ProjectDependencies) = postProject
		{F1C84827-064F-44D9-90C9-2929FF3C0802} = {F1C84827-064F-44D9-90C9-2929FF3C0802}
	EndProjectSection
EndProject
Project("{8BC9CEB8-8B4A-11D0-8D11-00A0C91BC942}") = "langfixture", "fixture\langfixture\langfixture.vcxproj", "{F85C2882-A533-4125-9041-9834DB02745C}"
	ProjectSection(ProjectDependencies) = postProject
		{F1C84827-064F-44D9-90C9-2929FF3C0802} = {F1C84827-064F-44D9-90C9-2929FF3C0802}
		{8F60C76B-E753-4868-A76F-B3E6F86051F6} = {8F60C76B-E753-4868-A76F-B3E6F86051F6}
	EndProjectSection
EndProject
Project("{8BC9CEB8-8B4A-11D0-8D11-00A0C91BC942}") = "langtest", "test\langtest\langtest.vcxproj", "{7C496DD7-E148-4CFA-A3A0-BD139C124388}"
	ProjectSection(ProjectDependencies) = postProject
		{F1C84827-064F-44D9-90C9-2929FF3C0802} = {F1C84827-064F-44D9-90C9-2929FF3C0802}
		{8F60C76B-E753-4868-A76F-B3E6F86051F6} = {8F60C76B-E753-4868-A76F-B3E6F86051F6}
		{F85C2882-A533-4125-9041-9834DB02745C} = {F85C2882-A533-4125-9041-9834DB02745C}
	EndProjectSection
EndProject
Project("{8BC9CEB8-8B4A-11D0-8D11-00A0C91BC942}") = "geometryfixture", "fixture\geometryfixture\geometryfixture.vcxproj", "{FA727D48-A794-4772-9142-DCEDFC93A68E}"
	ProjectSection(ProjectDependencies) = postProject
		{42D7FEAE-C2FD-4C49-8A1B-876CA62981DD} = {42D7FEAE-C2FD-4C49-8A1B-876CA62981DD}
	EndProjectSection
EndProject
Project("{8BC9CEB8-8B4A-11D0-8D11-00A0C91BC942}") = "geometrytest", "test\geometrytest\geometrytest.vcxproj", "{50506290-081B-434A-AC62-243A9E597CE2}"
	ProjectSection(ProjectDependencies) = postProject
		{FA727D48-A794-4772-9142-DCEDFC93A68E} = {FA727D48-A794-4772-9142-DCEDFC93A68E}
		{42D7FEAE-C2FD-4C49-8A1B-876CA62981DD} = {42D7FEAE-C2FD-4C49-8A1B-876CA62981DD}
	EndProjectSection
EndProject
Project("{8BC9CEB8-8B4A-11D0-8D11-00A0C91BC942}") = "guicorefixture", "fixture\guicorefixture\guicorefixture.vcxproj", "{20A509DA-E856-4718-9F7C-4FE4E6F54240}"
	ProjectSection(ProjectDependencies) = postProject
		{F1C84827-064F-44D9-90C9-2929FF3C0802} = {F1C84827-064F-44D9-90C9-2929FF3C0802}
		{0E6FF686-292A-447C-AFE4-0541A429FC62} = {0E6FF686-292A-447C-AFE4-0541A429FC62}
		{42D7FEAE-C2FD-4C49-8A1B-876CA62981DD} = {42D7FEAE-C2FD-4C49-8A1B-876CA62981DD}
	EndProjectSection
EndProject
Project("{8BC9CEB8-8B4A-11D0-8D11-00A0C91BC942}") = "guicoretest", "test\guicoretest\guicoretest.vcxproj", "{F812E21B-4166-42D7-B393-865274140927}"
	ProjectSection(ProjectDependencies) = postProject
		{F1C84827-064F-44D9-90C9-2929FF3C0802} = {F1C84827-064F-44D9-90C9-2929FF3C0802}
		{0E6FF686-292A-447C-AFE4-0541A429FC62} = {0E6FF686-292A-447C-AFE4-0541A429FC62}
		{A5B16D8D-66DA-4938-8EE1-E82923EAB895} = {A5B16D8D-66DA-4938-8EE1-E82923EAB895}
		{47A71B93-22EE-4594-BBE4-3092BD9247F5} = {47A71B93-22EE-4594-BBE4-3092BD9247F5}
		{42D7FEAE-C2FD-4C49-8A1B-876CA62981DD} = {42D7FEAE-C2FD-4C49-8A1B-876CA62981DD}
		{20A509DA-E856-4718-9F7C-4FE4E6F54240} = {20A509DA-E856-4718-9F7C-4FE4E6F54240}
	EndProjectSection
EndProject
Project("{8BC9CEB8-8B4A-11D0-8D11-00A0C91BC942}") = "sdlwrap", "src\sdlwrap\sdlwrap.vcxproj", "{A5B16D8D-66DA-4938-8EE1-E82923EAB895}"
	ProjectSection(ProjectDependencies) = postProject
		{F1C84827-064F-44D9-90C9-2929FF3C0802} = {F1C84827-064F-44D9-90C9-2929FF3C0802}
		{42D7FEAE-C2FD-4C49-8A1B-876CA62981DD} = {42D7FEAE-C2FD-4C49-8A1B-876CA62981DD}
	EndProjectSection
EndProject
Project("{8BC9CEB8-8B4A-11D0-8D11-00A0C91BC942}") = "sdlwraptest", "test\sdlwraptest\sdlwraptest.vcxproj", "{0A8D8736-4501-435F-9316-64FE87054F4A}"
	ProjectSection(ProjectDependencies) = postProject
		{2A481A1B-5B0A-4B32-A7F5-3664F2C0F77D} = {2A481A1B-5B0A-4B32-A7F5-3664F2C0F77D}
		{F1C84827-064F-44D9-90C9-2929FF3C0802} = {F1C84827-064F-44D9-90C9-2929FF3C0802}
		{8F60C76B-E753-4868-A76F-B3E6F86051F6} = {8F60C76B-E753-4868-A76F-B3E6F86051F6}
		{0E6FF686-292A-447C-AFE4-0541A429FC62} = {0E6FF686-292A-447C-AFE4-0541A429FC62}
		{A5B16D8D-66DA-4938-8EE1-E82923EAB895} = {A5B16D8D-66DA-4938-8EE1-E82923EAB895}
		{47A71B93-22EE-4594-BBE4-3092BD9247F5} = {47A71B93-22EE-4594-BBE4-3092BD9247F5}
		{42D7FEAE-C2FD-4C49-8A1B-876CA62981DD} = {42D7FEAE-C2FD-4C49-8A1B-876CA62981DD}
	EndProjectSection
EndProject
Project("{8BC9CEB8-8B4A-11D0-8D11-00A0C91BC942}") = "sdlwrapfixture", "fixture\sdlwrapfixture\sdlwrapfixture.vcxproj", "{47A71B93-22EE-4594-BBE4-3092BD9247F5}"
EndProject
Project("{8BC9CEB8-8B4A-11D0-8D11-00A0C91BC942}") = "audiofixture", "fixture\audiofixture\audiofixture.vcxproj", "{F4E2F682-40DA-4016-B876-CE70B8E484E9}"
	ProjectSection(ProjectDependencies) = postProject
		{F1C84827-064F-44D9-90C9-2929FF3C0802} = {F1C84827-064F-44D9-90C9-2929FF3C0802}
		{00EE0AB6-752C-4A7C-97E2-26DAA745DF13} = {00EE0AB6-752C-4A7C-97E2-26DAA745DF13}
	EndProjectSection
EndProject
Project("{8BC9CEB8-8B4A-11D0-8D11-00A0C91BC942}") = "audiotest", "test\audiotest\audiotest.vcxproj", "{B1B3F27A-DCF6-4B08-A40A-246353540A15}"
	ProjectSection(ProjectDependencies) = postProject
		{F1C84827-064F-44D9-90C9-2929FF3C0802} = {F1C84827-064F-44D9-90C9-2929FF3C0802}
		{F4E2F682-40DA-4016-B876-CE70B8E484E9} = {F4E2F682-40DA-4016-B876-CE70B8E484E9}
		{00EE0AB6-752C-4A7C-97E2-26DAA745DF13} = {00EE0AB6-752C-4A7C-97E2-26DAA745DF13}
	EndProjectSection
EndProject
Global
	GlobalSection(SolutionConfigurationPlatforms) = preSolution
		Debug|Win32 = Debug|Win32
		lib|Win32 = lib|Win32
		Release|Win32 = Release|Win32
	EndGlobalSection
	GlobalSection(ProjectConfigurationPlatforms) = postSolution
		{746061E3-C5A3-469F-A85B-E625AAE0726B}.Debug|Win32.ActiveCfg = Debug|Win32
		{746061E3-C5A3-469F-A85B-E625AAE0726B}.Debug|Win32.Build.0 = Debug|Win32
		{746061E3-C5A3-469F-A85B-E625AAE0726B}.lib|Win32.ActiveCfg = Debug|Win32
		{746061E3-C5A3-469F-A85B-E625AAE0726B}.lib|Win32.Build.0 = Debug|Win32
		{746061E3-C5A3-469F-A85B-E625AAE0726B}.Release|Win32.ActiveCfg = Release|Win32
		{746061E3-C5A3-469F-A85B-E625AAE0726B}.Release|Win32.Build.0 = Release|Win32
		{1B66D3EB-540A-4710-948A-DDB250F9EE6D}.Debug|Win32.ActiveCfg = Debug|Win32
		{1B66D3EB-540A-4710-948A-DDB250F9EE6D}.Debug|Win32.Build.0 = Debug|Win32
		{1B66D3EB-540A-4710-948A-DDB250F9EE6D}.lib|Win32.ActiveCfg = Debug|Win32
		{1B66D3EB-540A-4710-948A-DDB250F9EE6D}.lib|Win32.Build.0 = Debug|Win32
		{1B66D3EB-540A-4710-948A-DDB250F9EE6D}.Release|Win32.ActiveCfg = Release|Win32
		{1B66D3EB-540A-4710-948A-DDB250F9EE6D}.Release|Win32.Build.0 = Release|Win32
		{F1C84827-064F-44D9-90C9-2929FF3C0802}.Debug|Win32.ActiveCfg = Debug|Win32
		{F1C84827-064F-44D9-90C9-2929FF3C0802}.Debug|Win32.Build.0 = Debug|Win32
		{F1C84827-064F-44D9-90C9-2929FF3C0802}.lib|Win32.ActiveCfg = Debug|Win32
		{F1C84827-064F-44D9-90C9-2929FF3C0802}.lib|Win32.Build.0 = Debug|Win32
		{F1C84827-064F-44D9-90C9-2929FF3C0802}.Release|Win32.ActiveCfg = Release|Win32
		{F1C84827-064F-44D9-90C9-2929FF3C0802}.Release|Win32.Build.0 = Release|Win32
		{C95795C9-D294-438C-B271-414471E29A64}.Debug|Win32.ActiveCfg = Debug|Win32
		{C95795C9-D294-438C-B271-414471E29A64}.Debug|Win32.Build.0 = Debug|Win32
		{C95795C9-D294-438C-B271-414471E29A64}.lib|Win32.ActiveCfg = Debug|Win32
		{C95795C9-D294-438C-B271-414471E29A64}.lib|Win32.Build.0 = Debug|Win32
		{C95795C9-D294-438C-B271-414471E29A64}.Release|Win32.ActiveCfg = Release|Win32
		{C95795C9-D294-438C-B271-414471E29A64}.Release|Win32.Build.0 = Release|Win32
		{D20C939C-EFDA-498F-808A-AEF1BB1F6C3B}.Debug|Win32.ActiveCfg = Debug|Win32
		{D20C939C-EFDA-498F-808A-AEF1BB1F6C3B}.Debug|Win32.Build.0 = Debug|Win32
		{D20C939C-EFDA-498F-808A-AEF1BB1F6C3B}.lib|Win32.ActiveCfg = Debug|Win32
		{D20C939C-EFDA-498F-808A-AEF1BB1F6C3B}.lib|Win32.Build.0 = Debug|Win32
		{D20C939C-EFDA-498F-808A-AEF1BB1F6C3B}.Release|Win32.ActiveCfg = Release|Win32
		{D20C939C-EFDA-498F-808A-AEF1BB1F6C3B}.Release|Win32.Build.0 = Release|Win32
		{29C2D584-6EC0-4BF5-8767-A384BA03708F}.Debug|Win32.ActiveCfg = Debug|Win32
		{29C2D584-6EC0-4BF5-8767-A384BA03708F}.Debug|Win32.Build.0 = Debug|Win32
		{29C2D584-6EC0-4BF5-8767-A384BA03708F}.lib|Win32.ActiveCfg = Debug|Win32
		{29C2D584-6EC0-4BF5-8767-A384BA03708F}.lib|Win32.Build.0 = Debug|Win32
		{29C2D584-6EC0-4BF5-8767-A384BA03708F}.Release|Win32.ActiveCfg = Release|Win32
		{29C2D584-6EC0-4BF5-8767-A384BA03708F}.Release|Win32.Build.0 = Release|Win32
		{2A481A1B-5B0A-4B32-A7F5-3664F2C0F77D}.Debug|Win32.ActiveCfg = Debug|Win32
		{2A481A1B-5B0A-4B32-A7F5-3664F2C0F77D}.Debug|Win32.Build.0 = Debug|Win32
		{2A481A1B-5B0A-4B32-A7F5-3664F2C0F77D}.lib|Win32.ActiveCfg = Debug|Win32
		{2A481A1B-5B0A-4B32-A7F5-3664F2C0F77D}.lib|Win32.Build.0 = Debug|Win32
		{2A481A1B-5B0A-4B32-A7F5-3664F2C0F77D}.Release|Win32.ActiveCfg = Release|Win32
		{2A481A1B-5B0A-4B32-A7F5-3664F2C0F77D}.Release|Win32.Build.0 = Release|Win32
		{8F60C76B-E753-4868-A76F-B3E6F86051F6}.Debug|Win32.ActiveCfg = Debug|Win32
		{8F60C76B-E753-4868-A76F-B3E6F86051F6}.Debug|Win32.Build.0 = Debug|Win32
		{8F60C76B-E753-4868-A76F-B3E6F86051F6}.lib|Win32.ActiveCfg = Release|Win32
		{8F60C76B-E753-4868-A76F-B3E6F86051F6}.lib|Win32.Build.0 = Release|Win32
		{8F60C76B-E753-4868-A76F-B3E6F86051F6}.Release|Win32.ActiveCfg = Release|Win32
		{8F60C76B-E753-4868-A76F-B3E6F86051F6}.Release|Win32.Build.0 = Release|Win32
		{9A98E786-3E29-4DFD-A52A-E0D97410D56D}.Debug|Win32.ActiveCfg = Debug|Win32
		{9A98E786-3E29-4DFD-A52A-E0D97410D56D}.Debug|Win32.Build.0 = Debug|Win32
		{9A98E786-3E29-4DFD-A52A-E0D97410D56D}.lib|Win32.ActiveCfg = Release|Win32
		{9A98E786-3E29-4DFD-A52A-E0D97410D56D}.lib|Win32.Build.0 = Release|Win32
		{9A98E786-3E29-4DFD-A52A-E0D97410D56D}.Release|Win32.ActiveCfg = Release|Win32
		{9A98E786-3E29-4DFD-A52A-E0D97410D56D}.Release|Win32.Build.0 = Release|Win32
		{00EE0AB6-752C-4A7C-97E2-26DAA745DF13}.Debug|Win32.ActiveCfg = Debug|Win32
		{00EE0AB6-752C-4A7C-97E2-26DAA745DF13}.Debug|Win32.Build.0 = Debug|Win32
		{00EE0AB6-752C-4A7C-97E2-26DAA745DF13}.lib|Win32.ActiveCfg = Release|Win32
		{00EE0AB6-752C-4A7C-97E2-26DAA745DF13}.lib|Win32.Build.0 = Release|Win32
		{00EE0AB6-752C-4A7C-97E2-26DAA745DF13}.Release|Win32.ActiveCfg = Release|Win32
		{00EE0AB6-752C-4A7C-97E2-26DAA745DF13}.Release|Win32.Build.0 = Release|Win32
		{0E6FF686-292A-447C-AFE4-0541A429FC62}.Debug|Win32.ActiveCfg = Debug|Win32
		{0E6FF686-292A-447C-AFE4-0541A429FC62}.Debug|Win32.Build.0 = Debug|Win32
		{0E6FF686-292A-447C-AFE4-0541A429FC62}.lib|Win32.ActiveCfg = Release|Win32
		{0E6FF686-292A-447C-AFE4-0541A429FC62}.lib|Win32.Build.0 = Release|Win32
		{0E6FF686-292A-447C-AFE4-0541A429FC62}.Release|Win32.ActiveCfg = Release|Win32
		{0E6FF686-292A-447C-AFE4-0541A429FC62}.Release|Win32.Build.0 = Release|Win32
		{42D7FEAE-C2FD-4C49-8A1B-876CA62981DD}.Debug|Win32.ActiveCfg = Debug|Win32
		{42D7FEAE-C2FD-4C49-8A1B-876CA62981DD}.Debug|Win32.Build.0 = Debug|Win32
		{42D7FEAE-C2FD-4C49-8A1B-876CA62981DD}.lib|Win32.ActiveCfg = Release|Win32
		{42D7FEAE-C2FD-4C49-8A1B-876CA62981DD}.lib|Win32.Build.0 = Release|Win32
		{42D7FEAE-C2FD-4C49-8A1B-876CA62981DD}.Release|Win32.ActiveCfg = Release|Win32
		{42D7FEAE-C2FD-4C49-8A1B-876CA62981DD}.Release|Win32.Build.0 = Release|Win32
		{F85C2882-A533-4125-9041-9834DB02745C}.Debug|Win32.ActiveCfg = Debug|Win32
		{F85C2882-A533-4125-9041-9834DB02745C}.Debug|Win32.Build.0 = Debug|Win32
		{F85C2882-A533-4125-9041-9834DB02745C}.lib|Win32.ActiveCfg = Release|Win32
		{F85C2882-A533-4125-9041-9834DB02745C}.lib|Win32.Build.0 = Release|Win32
		{F85C2882-A533-4125-9041-9834DB02745C}.Release|Win32.ActiveCfg = Release|Win32
		{F85C2882-A533-4125-9041-9834DB02745C}.Release|Win32.Build.0 = Release|Win32
		{7C496DD7-E148-4CFA-A3A0-BD139C124388}.Debug|Win32.ActiveCfg = Debug|Win32
		{7C496DD7-E148-4CFA-A3A0-BD139C124388}.Debug|Win32.Build.0 = Debug|Win32
		{7C496DD7-E148-4CFA-A3A0-BD139C124388}.lib|Win32.ActiveCfg = Release|Win32
		{7C496DD7-E148-4CFA-A3A0-BD139C124388}.lib|Win32.Build.0 = Release|Win32
		{7C496DD7-E148-4CFA-A3A0-BD139C124388}.Release|Win32.ActiveCfg = Release|Win32
		{7C496DD7-E148-4CFA-A3A0-BD139C124388}.Release|Win32.Build.0 = Release|Win32
		{FA727D48-A794-4772-9142-DCEDFC93A68E}.Debug|Win32.ActiveCfg = Debug|Win32
		{FA727D48-A794-4772-9142-DCEDFC93A68E}.Debug|Win32.Build.0 = Debug|Win32
		{FA727D48-A794-4772-9142-DCEDFC93A68E}.lib|Win32.ActiveCfg = Release|Win32
		{FA727D48-A794-4772-9142-DCEDFC93A68E}.lib|Win32.Build.0 = Release|Win32
		{FA727D48-A794-4772-9142-DCEDFC93A68E}.Release|Win32.ActiveCfg = Release|Win32
		{FA727D48-A794-4772-9142-DCEDFC93A68E}.Release|Win32.Build.0 = Release|Win32
		{50506290-081B-434A-AC62-243A9E597CE2}.Debug|Win32.ActiveCfg = Debug|Win32
		{50506290-081B-434A-AC62-243A9E597CE2}.Debug|Win32.Build.0 = Debug|Win32
		{50506290-081B-434A-AC62-243A9E597CE2}.lib|Win32.ActiveCfg = Release|Win32
		{50506290-081B-434A-AC62-243A9E597CE2}.lib|Win32.Build.0 = Release|Win32
		{50506290-081B-434A-AC62-243A9E597CE2}.Release|Win32.ActiveCfg = Release|Win32
		{50506290-081B-434A-AC62-243A9E597CE2}.Release|Win32.Build.0 = Release|Win32
		{20A509DA-E856-4718-9F7C-4FE4E6F54240}.Debug|Win32.ActiveCfg = Debug|Win32
		{20A509DA-E856-4718-9F7C-4FE4E6F54240}.Debug|Win32.Build.0 = Debug|Win32
		{20A509DA-E856-4718-9F7C-4FE4E6F54240}.lib|Win32.ActiveCfg = Release|Win32
		{20A509DA-E856-4718-9F7C-4FE4E6F54240}.lib|Win32.Build.0 = Release|Win32
		{20A509DA-E856-4718-9F7C-4FE4E6F54240}.Release|Win32.ActiveCfg = Release|Win32
		{20A509DA-E856-4718-9F7C-4FE4E6F54240}.Release|Win32.Build.0 = Release|Win32
		{F812E21B-4166-42D7-B393-865274140927}.Debug|Win32.ActiveCfg = Debug|Win32
		{F812E21B-4166-42D7-B393-865274140927}.Debug|Win32.Build.0 = Debug|Win32
		{F812E21B-4166-42D7-B393-865274140927}.lib|Win32.ActiveCfg = Release|Win32
		{F812E21B-4166-42D7-B393-865274140927}.lib|Win32.Build.0 = Release|Win32
		{F812E21B-4166-42D7-B393-865274140927}.Release|Win32.ActiveCfg = Release|Win32
		{F812E21B-4166-42D7-B393-865274140927}.Release|Win32.Build.0 = Release|Win32
		{A5B16D8D-66DA-4938-8EE1-E82923EAB895}.Debug|Win32.ActiveCfg = Debug|Win32
		{A5B16D8D-66DA-4938-8EE1-E82923EAB895}.Debug|Win32.Build.0 = Debug|Win32
		{A5B16D8D-66DA-4938-8EE1-E82923EAB895}.lib|Win32.ActiveCfg = Release|Win32
		{A5B16D8D-66DA-4938-8EE1-E82923EAB895}.lib|Win32.Build.0 = Release|Win32
		{A5B16D8D-66DA-4938-8EE1-E82923EAB895}.Release|Win32.ActiveCfg = Release|Win32
		{A5B16D8D-66DA-4938-8EE1-E82923EAB895}.Release|Win32.Build.0 = Release|Win32
		{0A8D8736-4501-435F-9316-64FE87054F4A}.Debug|Win32.ActiveCfg = Debug|Win32
		{0A8D8736-4501-435F-9316-64FE87054F4A}.Debug|Win32.Build.0 = Debug|Win32
		{0A8D8736-4501-435F-9316-64FE87054F4A}.lib|Win32.ActiveCfg = Release|Win32
		{0A8D8736-4501-435F-9316-64FE87054F4A}.lib|Win32.Build.0 = Release|Win32
		{0A8D8736-4501-435F-9316-64FE87054F4A}.Release|Win32.ActiveCfg = Release|Win32
		{0A8D8736-4501-435F-9316-64FE87054F4A}.Release|Win32.Build.0 = Release|Win32
		{47A71B93-22EE-4594-BBE4-3092BD9247F5}.Debug|Win32.ActiveCfg = Debug|Win32
		{47A71B93-22EE-4594-BBE4-3092BD9247F5}.Debug|Win32.Build.0 = Debug|Win32
		{47A71B93-22EE-4594-BBE4-3092BD9247F5}.lib|Win32.ActiveCfg = Release|Win32
		{47A71B93-22EE-4594-BBE4-3092BD9247F5}.lib|Win32.Build.0 = Release|Win32
		{47A71B93-22EE-4594-BBE4-3092BD9247F5}.Release|Win32.ActiveCfg = Release|Win32
		{47A71B93-22EE-4594-BBE4-3092BD9247F5}.Release|Win32.Build.0 = Release|Win32
		{F4E2F682-40DA-4016-B876-CE70B8E484E9}.Debug|Win32.ActiveCfg = Debug|Win32
		{F4E2F682-40DA-4016-B876-CE70B8E484E9}.Debug|Win32.Build.0 = Debug|Win32
		{F4E2F682-40DA-4016-B876-CE70B8E484E9}.lib|Win32.ActiveCfg = Release|Win32
		{F4E2F682-40DA-4016-B876-CE70B8E484E9}.lib|Win32.Build.0 = Release|Win32
		{F4E2F682-40DA-4016-B876-CE70B8E484E9}.Release|Win32.ActiveCfg = Release|Win32
		{F4E2F682-40DA-4016-B876-CE70B8E484E9}.Release|Win32.Build.0 = Release|Win32
		{B1B3F27A-DCF6-4B08-A40A-246353540A15}.Debug|Win32.ActiveCfg = Debug|Win32
		{B1B3F27A-DCF6-4B08-A40A-246353540A15}.Debug|Win32.Build.0 = Debug|Win32
		{B1B3F27A-DCF6-4B08-A40A-246353540A15}.lib|Win32.ActiveCfg = Release|Win32
		{B1B3F27A-DCF6-4B08-A40A-246353540A15}.lib|Win32.Build.0 = Release|Win32
		{B1B3F27A-DCF6-4B08-A40A-246353540A15}.Release|Win32.ActiveCfg = Release|Win32
		{B1B3F27A-DCF6-4B08-A40A-246353540A15}.Release|Win32.Build.0 = Release|Win32
	EndGlobalSection
	GlobalSection(SolutionProperties) = preSolution
		HideSolutionNode = FALSE
	EndGlobalSection
EndGlobal
