<?xml version="1.0" encoding="utf-8"?>
<Project ToolsVersion="4.0" xmlns="http://schemas.microsoft.com/developer/msbuild/2003">
  <ItemGroup>
    <Filter Include="Quelldateien">
      <UniqueIdentifier>{4FC737F1-C7A5-4376-A066-2A32D752A2FF}</UniqueIdentifier>
      <Extensions>cpp;c;cc;cxx;def;odl;idl;hpj;bat;asm;asmx</Extensions>
    </Filter>
    <Filter Include="Headerdateien">
      <UniqueIdentifier>{93995380-89BD-4b04-88EB-625FBE52EBFB}</UniqueIdentifier>
      <Extensions>h;hpp;hxx;hm;inl;inc;xsd</Extensions>
    </Filter>
    <Filter Include="Ressourcendateien">
      <UniqueIdentifier>{67DA6AB6-F800-4c08-8B7A-83BB121AAD01}</UniqueIdentifier>
      <Extensions>rc;ico;cur;bmp;dlg;rc2;rct;bin;rgs;gif;jpg;jpeg;jpe;resx;tiff;tif;png;wav;mfcribbon-ms</Extensions>
    </Filter>
  </ItemGroup>
  <ItemGroup>
    <ClInclude Include="loadsave.hpp">
      <Filter>Headerdateien</Filter>
    </ClInclude>
    <ClInclude Include="uuid.hpp">
      <Filter>Headerdateien</Filter>
    </ClInclude>
    <ClInclude Include="log.hpp">
      <Filter>Headerdateien</Filter>
    </ClInclude>
    <ClInclude Include="exceptions.hpp">
      <Filter>Headerdateien</Filter>
    </ClInclude>
    <ClInclude Include="connector.hpp">
      <Filter>Headerdateien</Filter>
    </ClInclude>
    <ClInclude Include="singleton.hpp">
      <Filter>Headerdateien</Filter>
    </ClInclude>
    <ClInclude Include="singlestorage.hpp">
      <Filter>Headerdateien</Filter>
    </ClInclude>
    <ClInclude Include="miscellaneous.hpp">
      <Filter>Headerdateien</Filter>
    </ClInclude>
    <ClInclude Include="randomgenerator.hpp">
      <Filter>Headerdateien</Filter>
    </ClInclude>
    <ClInclude Include="outputarchive.hpp">
      <Filter>Headerdateien</Filter>
    </ClInclude>
    <ClInclude Include="inputarchive.hpp">
      <Filter>Headerdateien</Filter>
    </ClInclude>
    <ClInclude Include="nodecreator.hpp">
      <Filter>Headerdateien</Filter>
    </ClInclude>
    <ClInclude Include="io.hpp">
      <Filter>Headerdateien</Filter>
    </ClInclude>
    <ClInclude Include="ids.hpp">
      <Filter>Headerdateien</Filter>
    </ClInclude>
    <ClInclude Include="messagehandler.hpp">
      <Filter>Headerdateien</Filter>
    </ClInclude>
    <ClInclude Include="xmlnode.hpp">
      <Filter>Headerdateien</Filter>
    </ClInclude>
    <ClInclude Include="objectnode.hpp">
      <Filter>Headerdateien</Filter>
    </ClInclude>
  </ItemGroup>
  <ItemGroup>
    <ClCompile Include="log.cpp">
      <Filter>Quelldateien</Filter>
    </ClCompile>
    <ClCompile Include="miscellaneous.cpp">
      <Filter>Quelldateien</Filter>
    </ClCompile>
    <ClCompile Include="randomgenerator.cpp">
      <Filter>Quelldateien</Filter>
    </ClCompile>
    <ClCompile Include="io.cpp">
      <Filter>Quelldateien</Filter>
    </ClCompile>
    <ClCompile Include="inputarchive.cpp">
      <Filter>Quelldateien</Filter>
    </ClCompile>
    <ClCompile Include="outputarchive.cpp">
      <Filter>Quelldateien</Filter>
    </ClCompile>
    <ClCompile Include="loadsave.cpp">
      <Filter>Quelldateien</Filter>
    </ClCompile>
    <ClCompile Include="ids.cpp">
      <Filter>Quelldateien</Filter>
    </ClCompile>
    <ClCompile Include="messagehandler.cpp">
      <Filter>Quelldateien</Filter>
    </ClCompile>
    <ClCompile Include="objectnode.cpp">
      <Filter>Quelldateien</Filter>
    </ClCompile>
  </ItemGroup>
</Project>